
Microsoft Visual Studio Solution File, Format Version 12.00
# Visual Studio Version 16
VisualStudioVersion = 16.0.34031.81
MinimumVisualStudioVersion = 10.0.40219.1
Project("{9A19103F-16F7-4668-BE54-9A1E7A4F7556}") = "TodoApp", "TodoApp.csproj", "{8A90C0EB-665F-498C-A3F0-830FD3A68994}"
EndProject
Project("{FAE04EC0-301F-11D3-BF4B-00C04F79EFBC}") = "Todo_UnitTest_Mock", "..\Todo_UnitTest_Mock\Todo_UnitTest_Mock.csproj", "{17A61EB1-5148-4B09-8937-3BFED9D472C8}"
EndProject
Global
	GlobalSection(SolutionConfigurationPlatforms) = preSolution
		Debug|Any CPU = Debug|Any CPU
		Release|Any CPU = Release|Any CPU
	EndGlobalSection
	GlobalSection(ProjectConfigurationPlatforms) = postSolution
		{8A90C0EB-665F-498C-A3F0-830FD3A68994}.Debug|Any CPU.ActiveCfg = Debug|Any CPU
		{8A90C0EB-665F-498C-A3F0-830FD3A68994}.Debug|Any CPU.Build.0 = Debug|Any CPU
		{8A90C0EB-665F-498C-A3F0-830FD3A68994}.Release|Any CPU.ActiveCfg = Release|Any CPU
		{8A90C0EB-665F-498C-A3F0-830FD3A68994}.Release|Any CPU.Build.0 = Release|Any CPU
		{17A61EB1-5148-4B09-8937-3BFED9D472C8}.Debug|Any CPU.ActiveCfg = Debug|Any CPU
		{17A61EB1-5148-4B09-8937-3BFED9D472C8}.Debug|Any CPU.Build.0 = Debug|Any CPU
		{17A61EB1-5148-4B09-8937-3BFED9D472C8}.Release|Any CPU.ActiveCfg = Release|Any CPU
		{17A61EB1-5148-4B09-8937-3BFED9D472C8}.Release|Any CPU.Build.0 = Release|Any CPU
	EndGlobalSection
	GlobalSection(SolutionProperties) = preSolution
		HideSolutionNode = FALSE
	EndGlobalSection
	GlobalSection(ExtensibilityGlobals) = postSolution
		SolutionGuid = {968EA3F8-5E36-4FE2-80D9-0860D1F449A3}
	EndGlobalSection
EndGlobal
